
Microsoft Visual Studio Solution File, Format Version 12.00
# Visual Studio Version 17
VisualStudioVersion = 17.3.32901.215
MinimumVisualStudioVersion = 10.0.40219.1
Project("{FAE04EC0-301F-11D3-BF4B-00C04F79EFBC}") = "BusinessMVC2", "BusinessMVC2\BusinessMVC2.csproj", "{FD75D53A-C248-447D-8B58-4B702E7E03FF}"
EndProject
Project("{FAE04EC0-301F-11D3-BF4B-00C04F79EFBC}") = "BusinessData", "Business.Data\BusinessData.csproj", "{CC01F131-A388-4024-9696-106EB13772D0}"
EndProject
Project("{FAE04EC0-301F-11D3-BF4B-00C04F79EFBC}") = "BusinessModels", "Business.Models\BusinessModels.csproj", "{926FC51D-5155-49E0-AA4B-4C2D774832B2}"
EndProject
Project("{FAE04EC0-301F-11D3-BF4B-00C04F79EFBC}") = "BusinessServices", "Business.Services\BusinessServices.csproj", "{2C4F0AD6-D53C-4358-A8FD-44A2A1BFCB2C}"
EndProject
Project("{FAE04EC0-301F-11D3-BF4B-00C04F79EFBC}") = "BusinessShared", "BusinessShared\BusinessShared.csproj", "{D01D000D-D2DC-4DBF-8933-CA784A4B9C03}"
EndProject
Global
	GlobalSection(SolutionConfigurationPlatforms) = preSolution
		Debug|Any CPU = Debug|Any CPU
		Release|Any CPU = Release|Any CPU
	EndGlobalSection
	GlobalSection(ProjectConfigurationPlatforms) = postSolution
		{FD75D53A-C248-447D-8B58-4B702E7E03FF}.Debug|Any CPU.ActiveCfg = Debug|Any CPU
		{FD75D53A-C248-447D-8B58-4B702E7E03FF}.Debug|Any CPU.Build.0 = Debug|Any CPU
		{FD75D53A-C248-447D-8B58-4B702E7E03FF}.Release|Any CPU.ActiveCfg = Release|Any CPU
		{FD75D53A-C248-447D-8B58-4B702E7E03FF}.Release|Any CPU.Build.0 = Release|Any CPU
		{CC01F131-A388-4024-9696-106EB13772D0}.Debug|Any CPU.ActiveCfg = Debug|Any CPU
		{CC01F131-A388-4024-9696-106EB13772D0}.Debug|Any CPU.Build.0 = Debug|Any CPU
		{CC01F131-A388-4024-9696-106EB13772D0}.Release|Any CPU.ActiveCfg = Release|Any CPU
		{CC01F131-A388-4024-9696-106EB13772D0}.Release|Any CPU.Build.0 = Release|Any CPU
		{926FC51D-5155-49E0-AA4B-4C2D774832B2}.Debug|Any CPU.ActiveCfg = Debug|Any CPU
		{926FC51D-5155-49E0-AA4B-4C2D774832B2}.Debug|Any CPU.Build.0 = Debug|Any CPU
		{926FC51D-5155-49E0-AA4B-4C2D774832B2}.Release|Any CPU.ActiveCfg = Release|Any CPU
		{926FC51D-5155-49E0-AA4B-4C2D774832B2}.Release|Any CPU.Build.0 = Release|Any CPU
		{2C4F0AD6-D53C-4358-A8FD-44A2A1BFCB2C}.Debug|Any CPU.ActiveCfg = Debug|Any CPU
		{2C4F0AD6-D53C-4358-A8FD-44A2A1BFCB2C}.Debug|Any CPU.Build.0 = Debug|Any CPU
		{2C4F0AD6-D53C-4358-A8FD-44A2A1BFCB2C}.Release|Any CPU.ActiveCfg = Release|Any CPU
		{2C4F0AD6-D53C-4358-A8FD-44A2A1BFCB2C}.Release|Any CPU.Build.0 = Release|Any CPU
		{D01D000D-D2DC-4DBF-8933-CA784A4B9C03}.Debug|Any CPU.ActiveCfg = Debug|Any CPU
		{D01D000D-D2DC-4DBF-8933-CA784A4B9C03}.Debug|Any CPU.Build.0 = Debug|Any CPU
		{D01D000D-D2DC-4DBF-8933-CA784A4B9C03}.Release|Any CPU.ActiveCfg = Release|Any CPU
		{D01D000D-D2DC-4DBF-8933-CA784A4B9C03}.Release|Any CPU.Build.0 = Release|Any CPU
	EndGlobalSection
	GlobalSection(SolutionProperties) = preSolution
		HideSolutionNode = FALSE
	EndGlobalSection
	GlobalSection(ExtensibilityGlobals) = postSolution
		SolutionGuid = {566C2038-8854-4AED-A9EC-3BE99BBB5396}
	EndGlobalSection
EndGlobal
